
Microsoft Visual Studio Solution File, Format Version 12.00
# Visual Studio Version 17
VisualStudioVersion = 17.10.35027.167
MinimumVisualStudioVersion = 10.0.40219.1
Project("{FAE04EC0-301F-11D3-BF4B-00C04F79EFBC}") = "AlphaDownloadManager", "AlphaDownloadManager\AlphaDownloadManager.csproj", "{CFC2242E-ADBE-4E18-8D48-6D4EFE1CE1FB}"
EndProject
Global
	GlobalSection(SolutionConfigurationPlatforms) = preSolution
		Debug|Any CPU = Debug|Any CPU
		Release|Any CPU = Release|Any CPU
	EndGlobalSection
	GlobalSection(ProjectConfigurationPlatforms) = postSolution
		{CFC2242E-ADBE-4E18-8D48-6D4EFE1CE1FB}.Debug|Any CPU.ActiveCfg = Debug|Any CPU
		{CFC2242E-ADBE-4E18-8D48-6D4EFE1CE1FB}.Debug|Any CPU.Build.0 = Debug|Any CPU
		{CFC2242E-ADBE-4E18-8D48-6D4EFE1CE1FB}.Release|Any CPU.ActiveCfg = Release|Any CPU
		{CFC2242E-ADBE-4E18-8D48-6D4EFE1CE1FB}.Release|Any CPU.Build.0 = Release|Any CPU
	EndGlobalSection
	GlobalSection(SolutionProperties) = preSolution
		HideSolutionNode = FALSE
	EndGlobalSection
	GlobalSection(ExtensibilityGlobals) = postSolution
		SolutionGuid = {6C67450C-BBC9-451F-AAD7-184B526CBF43}
	EndGlobalSection
EndGlobal
